// !$*UTF8*$!
{
	archiveVersion = 1;
	classes = {
	};
	objectVersion = 46;
	objects = {

/* Begin PBXBuildFile section */
		F0EC216E1FA70E9700B40E03 /* main.m in Sources */ = {isa = PBXBuildFile; fileRef = F0EC216D1FA70E9700B40E03 /* main.m */; };
		F0EC21711FA70E9700B40E03 /* AppDelegate.m in Sources */ = {isa = PBXBuildFile; fileRef = F0EC21701FA70E9700B40E03 /* AppDelegate.m */; };
		F0EC21741FA70E9800B40E03 /* ViewController.m in Sources */ = {isa = PBXBuildFile; fileRef = F0EC21731FA70E9800B40E03 /* ViewController.m */; };
		F0EC21771FA70E9800B40E03 /* Main.storyboard in Resources */ = {isa = PBXBuildFile; fileRef = F0EC21751FA70E9800B40E03 /* Main.storyboard */; };
		F0EC21791FA70E9800B40E03 /* Assets.xcassets in Resources */ = {isa = PBXBuildFile; fileRef = F0EC21781FA70E9800B40E03 /* Assets.xcassets */; };
		F0EC217C1FA70E9800B40E03 /* LaunchScreen.storyboard in Resources */ = {isa = PBXBuildFile; fileRef = F0EC217A1FA70E9800B40E03 /* LaunchScreen.storyboard */; };
		F0EC21871FA70E9800B40E03 /* GCDOperationQueueTests.m in Sources */ = {isa = PBXBuildFile; fileRef = F0EC21861FA70E9800B40E03 /* GCDOperationQueueTests.m */; };
		F0EC21921FA70E9900B40E03 /* GCDOperationQueueUITests.m in Sources */ = {isa = PBXBuildFile; fileRef = F0EC21911FA70E9900B40E03 /* GCDOperationQueueUITests.m */; };
/* End PBXBuildFile section */

/* Begin PBXContainerItemProxy section */
		F0EC21831FA70E9800B40E03 /* PBXContainerItemProxy */ = {
			isa = PBXContainerItemProxy;
			containerPortal = F0EC21611FA70E9700B40E03 /* Project object */;
			proxyType = 1;
			remoteGlobalIDString = F0EC21681FA70E9700B40E03;
			remoteInfo = GCDOperationQueue;
		};
		F0EC218E1FA70E9800B40E03 /* PBXContainerItemProxy */ = {
			isa = PBXContainerItemProxy;
			containerPortal = F0EC21611FA70E9700B40E03 /* Project object */;
			proxyType = 1;
			remoteGlobalIDString = F0EC21681FA70E9700B40E03;
			remoteInfo = GCDOperationQueue;
		};
/* End PBXContainerItemProxy section */

/* Begin PBXFileReference section */
		F0EC21691FA70E9700B40E03 /* GCDOperationQueue.app */ = {isa = PBXFileReference; explicitFileType = wrapper.application; includeInIndex = 0; path = GCDOperationQueue.app; sourceTree = BUILT_PRODUCTS_DIR; };
		F0EC216D1FA70E9700B40E03 /* main.m */ = {isa = PBXFileReference; lastKnownFileType = sourcecode.c.objc; path = main.m; sourceTree = "<group>"; };
		F0EC216F1FA70E9700B40E03 /* AppDelegate.h */ = {isa = PBXFileReference; lastKnownFileType = sourcecode.c.h; path = AppDelegate.h; sourceTree = "<group>"; };
		F0EC21701FA70E9700B40E03 /* AppDelegate.m */ = {isa = PBXFileReference; lastKnownFileType = sourcecode.c.objc; path = AppDelegate.m; sourceTree = "<group>"; };
		F0EC21721FA70E9700B40E03 /* ViewController.h */ = {isa = PBXFileReference; lastKnownFileType = sourcecode.c.h; path = ViewController.h; sourceTree = "<group>"; };
		F0EC21731FA70E9800B40E03 /* ViewController.m */ = {isa = PBXFileReference; lastKnownFileType = sourcecode.c.objc; path = ViewController.m; sourceTree = "<group>"; };
		F0EC21761FA70E9800B40E03 /* Base */ = {isa = PBXFileReference; lastKnownFileType = file.storyboard; name = Base; path = Base.lproj/Main.storyboard; sourceTree = "<group>"; };
		F0EC21781FA70E9800B40E03 /* Assets.xcassets */ = {isa = PBXFileReference; lastKnownFileType = folder.assetcatalog; path = Assets.xcassets; sourceTree = "<group>"; };
		F0EC217B1FA70E9800B40E03 /* Base */ = {isa = PBXFileReference; lastKnownFileType = file.storyboard; name = Base; path = Base.lproj/LaunchScreen.storyboard; sourceTree = "<group>"; };
		F0EC217D1FA70E9800B40E03 /* Info.plist */ = {isa = PBXFileReference; lastKnownFileType = text.plist.xml; path = Info.plist; sourceTree = "<group>"; };
		F0EC21821FA70E9800B40E03 /* GCDOperationQueueTests.xctest */ = {isa = PBXFileReference; explicitFileType = wrapper.cfbundle; includeInIndex = 0; path = GCDOperationQueueTests.xctest; sourceTree = BUILT_PRODUCTS_DIR; };
		F0EC21861FA70E9800B40E03 /* GCDOperationQueueTests.m */ = {isa = PBXFileReference; lastKnownFileType = sourcecode.c.objc; path = GCDOperationQueueTests.m; sourceTree = "<group>"; };
		F0EC21881FA70E9800B40E03 /* Info.plist */ = {isa = PBXFileReference; lastKnownFileType = text.plist.xml; path = Info.plist; sourceTree = "<group>"; };
		F0EC218D1FA70E9800B40E03 /* GCDOperationQueueUITests.xctest */ = {isa = PBXFileReference; explicitFileType = wrapper.cfbundle; includeInIndex = 0; path = GCDOperationQueueUITests.xctest; sourceTree = BUILT_PRODUCTS_DIR; };
		F0EC21911FA70E9900B40E03 /* GCDOperationQueueUITests.m */ = {isa = PBXFileReference; lastKnownFileType = sourcecode.c.objc; path = GCDOperationQueueUITests.m; sourceTree = "<group>"; };
		F0EC21931FA70E9900B40E03 /* Info.plist */ = {isa = PBXFileReference; lastKnownFileType = text.plist.xml; path = Info.plist; sourceTree = "<group>"; };
/* End PBXFileReference section */

/* Begin PBXFrameworksBuildPhase section */
		F0EC21661FA70E9700B40E03 /* Frameworks */ = {
			isa = PBXFrameworksBuildPhase;
			buildActionMask = 2147483647;
			files = (
			);
			runOnlyForDeploymentPostprocessing = 0;
		};
		F0EC217F1FA70E9800B40E03 /* Frameworks */ = {
			isa = PBXFrameworksBuildPhase;
			buildActionMask = 2147483647;
			files = (
			);
			runOnlyForDeploymentPostprocessing = 0;
		};
		F0EC218A1FA70E9800B40E03 /* Frameworks */ = {
			isa = PBXFrameworksBuildPhase;
			buildActionMask = 2147483647;
			files = (
			);
			runOnlyForDeploymentPostprocessing = 0;
		};
/* End PBXFrameworksBuildPhase section */

/* Begin PBXGroup section */
		F0EC21601FA70E9700B40E03 = {
			isa = PBXGroup;
			children = (
				F0EC216B1FA70E9700B40E03 /* GCDOperationQueue */,
				F0EC21851FA70E9800B40E03 /* GCDOperationQueueTests */,
				F0EC21901FA70E9800B40E03 /* GCDOperationQueueUITests */,
				F0EC216A1FA70E9700B40E03 /* Products */,
			);
			sourceTree = "<group>";
		};
		F0EC216A1FA70E9700B40E03 /* Products */ = {
			isa = PBXGroup;
			children = (
				F0EC21691FA70E9700B40E03 /* GCDOperationQueue.app */,
				F0EC21821FA70E9800B40E03 /* GCDOperationQueueTests.xctest */,
				F0EC218D1FA70E9800B40E03 /* GCDOperationQueueUITests.xctest */,
			);
			name = Products;
			sourceTree = "<group>";
		};
		F0EC216B1FA70E9700B40E03 /* GCDOperationQueue */ = {
			isa = PBXGroup;
			children = (
				F0EC216F1FA70E9700B40E03 /* AppDelegate.h */,
				F0EC21701FA70E9700B40E03 /* AppDelegate.m */,
				F0EC21721FA70E9700B40E03 /* ViewController.h */,
				F0EC21731FA70E9800B40E03 /* ViewController.m */,
				F0EC21751FA70E9800B40E03 /* Main.storyboard */,
				F0EC21781FA70E9800B40E03 /* Assets.xcassets */,
				F0EC217A1FA70E9800B40E03 /* LaunchScreen.storyboard */,
				F0EC217D1FA70E9800B40E03 /* Info.plist */,
				F0EC216C1FA70E9700B40E03 /* Supporting Files */,
			);
			path = GCDOperationQueue;
			sourceTree = "<group>";
		};
		F0EC216C1FA70E9700B40E03 /* Supporting Files */ = {
			isa = PBXGroup;
			children = (
				F0EC216D1FA70E9700B40E03 /* main.m */,
			);
			name = "Supporting Files";
			sourceTree = "<group>";
		};
		F0EC21851FA70E9800B40E03 /* GCDOperationQueueTests */ = {
			isa = PBXGroup;
			children = (
				F0EC21861FA70E9800B40E03 /* GCDOperationQueueTests.m */,
				F0EC21881FA70E9800B40E03 /* Info.plist */,
			);
			path = GCDOperationQueueTests;
			sourceTree = "<group>";
		};
		F0EC21901FA70E9800B40E03 /* GCDOperationQueueUITests */ = {
			isa = PBXGroup;
			children = (
				F0EC21911FA70E9900B40E03 /* GCDOperationQueueUITests.m */,
				F0EC21931FA70E9900B40E03 /* Info.plist */,
			);
			path = GCDOperationQueueUITests;
			sourceTree = "<group>";
		};
/* End PBXGroup section */

/* Begin PBXNativeTarget section */
		F0EC21681FA70E9700B40E03 /* GCDOperationQueue */ = {
			isa = PBXNativeTarget;
			buildConfigurationList = F0EC21961FA70E9900B40E03 /* Build configuration list for PBXNativeTarget "GCDOperationQueue" */;
			buildPhases = (
				F0EC21651FA70E9700B40E03 /* Sources */,
				F0EC21661FA70E9700B40E03 /* Frameworks */,
				F0EC21671FA70E9700B40E03 /* Resources */,
			);
			buildRules = (
			);
			dependencies = (
			);
			name = GCDOperationQueue;
			productName = GCDOperationQueue;
			productReference = F0EC21691FA70E9700B40E03 /* GCDOperationQueue.app */;
			productType = "com.apple.product-type.application";
		};
		F0EC21811FA70E9800B40E03 /* GCDOperationQueueTests */ = {
			isa = PBXNativeTarget;
			buildConfigurationList = F0EC21991FA70E9900B40E03 /* Build configuration list for PBXNativeTarget "GCDOperationQueueTests" */;
			buildPhases = (
				F0EC217E1FA70E9800B40E03 /* Sources */,
				F0EC217F1FA70E9800B40E03 /* Frameworks */,
				F0EC21801FA70E9800B40E03 /* Resources */,
			);
			buildRules = (
			);
			dependencies = (
				F0EC21841FA70E9800B40E03 /* PBXTargetDependency */,
			);
			name = GCDOperationQueueTests;
			productName = GCDOperationQueueTests;
			productReference = F0EC21821FA70E9800B40E03 /* GCDOperationQueueTests.xctest */;
			productType = "com.apple.product-type.bundle.unit-test";
		};
		F0EC218C1FA70E9800B40E03 /* GCDOperationQueueUITests */ = {
			isa = PBXNativeTarget;
			buildConfigurationList = F0EC219C1FA70E9900B40E03 /* Build configuration list for PBXNativeTarget "GCDOperationQueueUITests" */;
			buildPhases = (
				F0EC21891FA70E9800B40E03 /* Sources */,
				F0EC218A1FA70E9800B40E03 /* Frameworks */,
				F0EC218B1FA70E9800B40E03 /* Resources */,
			);
			buildRules = (
			);
			dependencies = (
				F0EC218F1FA70E9800B40E03 /* PBXTargetDependency */,
			);
			name = GCDOperationQueueUITests;
			productName = GCDOperationQueueUITests;
			productReference = F0EC218D1FA70E9800B40E03 /* GCDOperationQueueUITests.xctest */;
			productType = "com.apple.product-type.bundle.ui-testing";
		};
/* End PBXNativeTarget section */

/* Begin PBXProject section */
		F0EC21611FA70E9700B40E03 /* Project object */ = {
			isa = PBXProject;
			attributes = {
				LastUpgradeCheck = 0820;
				ORGANIZATIONNAME = "曾超";
				TargetAttributes = {
					F0EC21681FA70E9700B40E03 = {
						CreatedOnToolsVersion = 8.2.1;
						DevelopmentTeam = N2ZWZ52GH5;
						ProvisioningStyle = Automatic;
					};
					F0EC21811FA70E9800B40E03 = {
						CreatedOnToolsVersion = 8.2.1;
						ProvisioningStyle = Automatic;
						TestTargetID = F0EC21681FA70E9700B40E03;
					};
					F0EC218C1FA70E9800B40E03 = {
						CreatedOnToolsVersion = 8.2.1;
						ProvisioningStyle = Automatic;
						TestTargetID = F0EC21681FA70E9700B40E03;
					};
				};
			};
			buildConfigurationList = F0EC21641FA70E9700B40E03 /* Build configuration list for PBXProject "GCDOperationQueue" */;
			compatibilityVersion = "Xcode 3.2";
			developmentRegion = English;
			hasScannedForEncodings = 0;
			knownRegions = (
				en,
				Base,
			);
			mainGroup = F0EC21601FA70E9700B40E03;
			productRefGroup = F0EC216A1FA70E9700B40E03 /* Products */;
			projectDirPath = "";
			projectRoot = "";
			targets = (
				F0EC21681FA70E9700B40E03 /* GCDOperationQueue */,
				F0EC21811FA70E9800B40E03 /* GCDOperationQueueTests */,
				F0EC218C1FA70E9800B40E03 /* GCDOperationQueueUITests */,
			);
		};
/* End PBXProject section */

/* Begin PBXResourcesBuildPhase section */
		F0EC21671FA70E9700B40E03 /* Resources */ = {
			isa = PBXResourcesBuildPhase;
			buildActionMask = 2147483647;
			files = (
				F0EC217C1FA70E9800B40E03 /* LaunchScreen.storyboard in Resources */,
				F0EC21791FA70E9800B40E03 /* Assets.xcassets in Resources */,
				F0EC21771FA70E9800B40E03 /* Main.storyboard in Resources */,
			);
			runOnlyForDeploymentPostprocessing = 0;
		};
		F0EC21801FA70E9800B40E03 /* Resources */ = {
			isa = PBXResourcesBuildPhase;
			buildActionMask = 2147483647;
			files = (
			);
			runOnlyForDeploymentPostprocessing = 0;
		};
		F0EC218B1FA70E9800B40E03 /* Resources */ = {
			isa = PBXResourcesBuildPhase;
			buildActionMask = 2147483647;
			files = (
			);
			runOnlyForDeploymentPostprocessing = 0;
		};
/* End PBXResourcesBuildPhase section */

/* Begin PBXSourcesBuildPhase section */
		F0EC21651FA70E9700B40E03 /* Sources */ = {
			isa = PBXSourcesBuildPhase;
			buildActionMask = 2147483647;
			files = (
				F0EC21741FA70E9800B40E03 /* ViewController.m in Sources */,
				F0EC21711FA70E9700B40E03 /* AppDelegate.m in Sources */,
				F0EC216E1FA70E9700B40E03 /* main.m in Sources */,
			);
			runOnlyForDeploymentPostprocessing = 0;
		};
		F0EC217E1FA70E9800B40E03 /* Sources */ = {
			isa = PBXSourcesBuildPhase;
			buildActionMask = 2147483647;
			files = (
				F0EC21871FA70E9800B40E03 /* GCDOperationQueueTests.m in Sources */,
			);
			runOnlyForDeploymentPostprocessing = 0;
		};
		F0EC21891FA70E9800B40E03 /* Sources */ = {
			isa = PBXSourcesBuildPhase;
			buildActionMask = 2147483647;
			files = (
				F0EC21921FA70E9900B40E03 /* GCDOperationQueueUITests.m in Sources */,
			);
			runOnlyForDeploymentPostprocessing = 0;
		};
/* End PBXSourcesBuildPhase section */

/* Begin PBXTargetDependency section */
		F0EC21841FA70E9800B40E03 /* PBXTargetDependency */ = {
			isa = PBXTargetDependency;
			target = F0EC21681FA70E9700B40E03 /* GCDOperationQueue */;
			targetProxy = F0EC21831FA70E9800B40E03 /* PBXContainerItemProxy */;
		};
		F0EC218F1FA70E9800B40E03 /* PBXTargetDependency */ = {
			isa = PBXTargetDependency;
			target = F0EC21681FA70E9700B40E03 /* GCDOperationQueue */;
			targetProxy = F0EC218E1FA70E9800B40E03 /* PBXContainerItemProxy */;
		};
/* End PBXTargetDependency section */

/* Begin PBXVariantGroup section */
		F0EC21751FA70E9800B40E03 /* Main.storyboard */ = {
			isa = PBXVariantGroup;
			children = (
				F0EC21761FA70E9800B40E03 /* Base */,
			);
			name = Main.storyboard;
			sourceTree = "<group>";
		};
		F0EC217A1FA70E9800B40E03 /* LaunchScreen.storyboard */ = {
			isa = PBXVariantGroup;
			children = (
				F0EC217B1FA70E9800B40E03 /* Base */,
			);
			name = LaunchScreen.storyboard;
			sourceTree = "<group>";
		};
/* End PBXVariantGroup section */

/* Begin XCBuildConfiguration section */
		F0EC21941FA70E9900B40E03 /* Debug */ = {
			isa = XCBuildConfiguration;
			buildSettings = {
				ALWAYS_SEARCH_USER_PATHS = NO;
				CLANG_ANALYZER_NONNULL = YES;
				CLANG_CXX_LANGUAGE_STANDARD = "gnu++0x";
				CLANG_CXX_LIBRARY = "libc++";
				CLANG_ENABLE_MODULES = YES;
				CLANG_ENABLE_OBJC_ARC = YES;
				CLANG_WARN_BOOL_CONVERSION = YES;
				CLANG_WARN_CONSTANT_CONVERSION = YES;
				CLANG_WARN_DIRECT_OBJC_ISA_USAGE = YES_ERROR;
				CLANG_WARN_DOCUMENTATION_COMMENTS = YES;
				CLANG_WARN_EMPTY_BODY = YES;
				CLANG_WARN_ENUM_CONVERSION = YES;
				CLANG_WARN_INFINITE_RECURSION = YES;
				CLANG_WARN_INT_CONVERSION = YES;
				CLANG_WARN_OBJC_ROOT_CLASS = YES_ERROR;
				CLANG_WARN_SUSPICIOUS_MOVE = YES;
				CLANG_WARN_UNREACHABLE_CODE = YES;
				CLANG_WARN__DUPLICATE_METHOD_MATCH = YES;
				"CODE_SIGN_IDENTITY[sdk=iphoneos*]" = "iPhone Developer";
				COPY_PHASE_STRIP = NO;
				DEBUG_INFORMATION_FORMAT = dwarf;
				ENABLE_STRICT_OBJC_MSGSEND = YES;
				ENABLE_TESTABILITY = YES;
				GCC_C_LANGUAGE_STANDARD = gnu99;
				GCC_DYNAMIC_NO_PIC = NO;
				GCC_NO_COMMON_BLOCKS = YES;
				GCC_OPTIMIZATION_LEVEL = 0;
				GCC_PREPROCESSOR_DEFINITIONS = (
					"DEBUG=1",
					"$(inherited)",
				);
				GCC_WARN_64_TO_32_BIT_CONVERSION = YES;
				GCC_WARN_ABOUT_RETURN_TYPE = YES_ERROR;
				GCC_WARN_UNDECLARED_SELECTOR = YES;
				GCC_WARN_UNINITIALIZED_AUTOS = YES_AGGRESSIVE;
				GCC_WARN_UNUSED_FUNCTION = YES;
				GCC_WARN_UNUSED_VARIABLE = YES;
				IPHONEOS_DEPLOYMENT_TARGET = 10.2;
				MTL_ENABLE_DEBUG_INFO = YES;
				ONLY_ACTIVE_ARCH = YES;
				SDKROOT = iphoneos;
			};
			name = Debug;
		};
		F0EC21951FA70E9900B40E03 /* Release */ = {
			isa = XCBuildConfiguration;
			buildSettings = {
				ALWAYS_SEARCH_USER_PATHS = NO;
				CLANG_ANALYZER_NONNULL = YES;
				CLANG_CXX_LANGUAGE_STANDARD = "gnu++0x";
				CLANG_CXX_LIBRARY = "libc++";
				CLANG_ENABLE_MODULES = YES;
				CLANG_ENABLE_OBJC_ARC = YES;
				CLANG_WARN_BOOL_CONVERSION = YES;
				CLANG_WARN_CONSTANT_CONVERSION = YES;
				CLANG_WARN_DIRECT_OBJC_ISA_USAGE = YES_ERROR;
				CLANG_WARN_DOCUMENTATION_COMMENTS = YES;
				CLANG_WARN_EMPTY_BODY = YES;
				CLANG_WARN_ENUM_CONVERSION = YES;
				CLANG_WARN_INFINITE_RECURSION = YES;
				CLANG_WARN_INT_CONVERSION = YES;
				CLANG_WARN_OBJC_ROOT_CLASS = YES_ERROR;
				CLANG_WARN_SUSPICIOUS_MOVE = YES;
				CLANG_WARN_UNREACHABLE_CODE = YES;
				CLANG_WARN__DUPLICATE_METHOD_MATCH = YES;
				"CODE_SIGN_IDENTITY[sdk=iphoneos*]" = "iPhone Developer";
				COPY_PHASE_STRIP = NO;
				DEBUG_INFORMATION_FORMAT = "dwarf-with-dsym";
				ENABLE_NS_ASSERTIONS = NO;
				ENABLE_STRICT_OBJC_MSGSEND = YES;
				GCC_C_LANGUAGE_STANDARD = gnu99;
				GCC_NO_COMMON_BLOCKS = YES;
				GCC_WARN_64_TO_32_BIT_CONVERSION = YES;
				GCC_WARN_ABOUT_RETURN_TYPE = YES_ERROR;
				GCC_WARN_UNDECLARED_SELECTOR = YES;
				GCC_WARN_UNINITIALIZED_AUTOS = YES_AGGRESSIVE;
				GCC_WARN_UNUSED_FUNCTION = YES;
				GCC_WARN_UNUSED_VARIABLE = YES;
				IPHONEOS_DEPLOYMENT_TARGET = 10.2;
				MTL_ENABLE_DEBUG_INFO = NO;
				SDKROOT = iphoneos;
				VALIDATE_PRODUCT = YES;
			};
			name = Release;
		};
		F0EC21971FA70E9900B40E03 /* Debug */ = {
			isa = XCBuildConfiguration;
			buildSettings = {
				ASSETCATALOG_COMPILER_APPICON_NAME = AppIcon;
				DEVELOPMENT_TEAM = N2ZWZ52GH5;
				INFOPLIST_FILE = GCDOperationQueue/Info.plist;
				LD_RUNPATH_SEARCH_PATHS = "$(inherited) @executable_path/Frameworks";
				PRODUCT_BUNDLE_IDENTIFIER = "-11.GCDOperationQueue";
				PRODUCT_NAME = "$(TARGET_NAME)";
			};
			name = Debug;
		};
		F0EC21981FA70E9900B40E03 /* Release */ = {
			isa = XCBuildConfiguration;
			buildSettings = {
				ASSETCATALOG_COMPILER_APPICON_NAME = AppIcon;
				DEVELOPMENT_TEAM = N2ZWZ52GH5;
				INFOPLIST_FILE = GCDOperationQueue/Info.plist;
				LD_RUNPATH_SEARCH_PATHS = "$(inherited) @executable_path/Frameworks";
				PRODUCT_BUNDLE_IDENTIFIER = "-11.GCDOperationQueue";
				PRODUCT_NAME = "$(TARGET_NAME)";
			};
			name = Release;
		};
		F0EC219A1FA70E9900B40E03 /* Debug */ = {
			isa = XCBuildConfiguration;
			buildSettings = {
				BUNDLE_LOADER = "$(TEST_HOST)";
				INFOPLIST_FILE = GCDOperationQueueTests/Info.plist;
				LD_RUNPATH_SEARCH_PATHS = "$(inherited) @executable_path/Frameworks @loader_path/Frameworks";
				PRODUCT_BUNDLE_IDENTIFIER = "-11.GCDOperationQueueTests";
				PRODUCT_NAME = "$(TARGET_NAME)";
				TEST_HOST = "$(BUILT_PRODUCTS_DIR)/GCDOperationQueue.app/GCDOperationQueue";
			};
			name = Debug;
		};
		F0EC219B1FA70E9900B40E03 /* Release */ = {
			isa = XCBuildConfiguration;
			buildSettings = {
				BUNDLE_LOADER = "$(TEST_HOST)";
				INFOPLIST_FILE = GCDOperationQueueTests/Info.plist;
				LD_RUNPATH_SEARCH_PATHS = "$(inherited) @executable_path/Frameworks @loader_path/Frameworks";
				PRODUCT_BUNDLE_IDENTIFIER = "-11.GCDOperationQueueTests";
				PRODUCT_NAME = "$(TARGET_NAME)";
				TEST_HOST = "$(BUILT_PRODUCTS_DIR)/GCDOperationQueue.app/GCDOperationQueue";
			};
			name = Release;
		};
		F0EC219D1FA70E9900B40E03 /* Debug */ = {
			isa = XCBuildConfiguration;
			buildSettings = {
				INFOPLIST_FILE = GCDOperationQueueUITests/Info.plist;
				LD_RUNPATH_SEARCH_PATHS = "$(inherited) @executable_path/Frameworks @loader_path/Frameworks";
				PRODUCT_BUNDLE_IDENTIFIER = "-11.GCDOperationQueueUITests";
				PRODUCT_NAME = "$(TARGET_NAME)";
				TEST_TARGET_NAME = GCDOperationQueue;
			};
			name = Debug;
		};
		F0EC219E1FA70E9900B40E03 /* Release */ = {
			isa = XCBuildConfiguration;
			buildSettings = {
				INFOPLIST_FILE = GCDOperationQueueUITests/Info.plist;
				LD_RUNPATH_SEARCH_PATHS = "$(inherited) @executable_path/Frameworks @loader_path/Frameworks";
				PRODUCT_BUNDLE_IDENTIFIER = "-11.GCDOperationQueueUITests";
				PRODUCT_NAME = "$(TARGET_NAME)";
				TEST_TARGET_NAME = GCDOperationQueue;
			};
			name = Release;
		};
/* End XCBuildConfiguration section */

/* Begin XCConfigurationList section */
		F0EC21641FA70E9700B40E03 /* Build configuration list for PBXProject "GCDOperationQueue" */ = {
			isa = XCConfigurationList;
			buildConfigurations = (
				F0EC21941FA70E9900B40E03 /* Debug */,
				F0EC21951FA70E9900B40E03 /* Release */,
			);
			defaultConfigurationIsVisible = 0;
			defaultConfigurationName = Release;
		};
		F0EC21961FA70E9900B40E03 /* Build configuration list for PBXNativeTarget "GCDOperationQueue" */ = {
			isa = XCConfigurationList;
			buildConfigurations = (
				F0EC21971FA70E9900B40E03 /* Debug */,
				F0EC21981FA70E9900B40E03 /* Release */,
			);
			defaultConfigurationIsVisible = 0;
		};
		F0EC21991FA70E9900B40E03 /* Build configuration list for PBXNativeTarget "GCDOperationQueueTests" */ = {
			isa = XCConfigurationList;
			buildConfigurations = (
				F0EC219A1FA70E9900B40E03 /* Debug */,
				F0EC219B1FA70E9900B40E03 /* Release */,
			);
			defaultConfigurationIsVisible = 0;
		};
		F0EC219C1FA70E9900B40E03 /* Build configuration list for PBXNativeTarget "GCDOperationQueueUITests" */ = {
			isa = XCConfigurationList;
			buildConfigurations = (
				F0EC219D1FA70E9900B40E03 /* Debug */,
				F0EC219E1FA70E9900B40E03 /* Release */,
			);
			defaultConfigurationIsVisible = 0;
		};
/* End XCConfigurationList section */
	};
	rootObject = F0EC21611FA70E9700B40E03 /* Project object */;
}
